
Microsoft Visual Studio Solution File, Format Version 12.00
# Visual Studio Version 17
VisualStudioVersion = 17.8.34316.72
MinimumVisualStudioVersion = 10.0.40219.1
Project("{FAE04EC0-301F-11D3-BF4B-00C04F79EFBC}") = "TodoApp", "TodoApp\TodoApp.csproj", "{A466B765-8B22-4FBC-8E1D-131064D0DED7}"
EndProject
Global
	GlobalSection(SolutionConfigurationPlatforms) = preSolution
		Debug|Any CPU = Debug|Any CPU
		Release|Any CPU = Release|Any CPU
	EndGlobalSection
	GlobalSection(ProjectConfigurationPlatforms) = postSolution
		{A466B765-8B22-4FBC-8E1D-131064D0DED7}.Debug|Any CPU.ActiveCfg = Debug|Any CPU
		{A466B765-8B22-4FBC-8E1D-131064D0DED7}.Debug|Any CPU.Build.0 = Debug|Any CPU
		{A466B765-8B22-4FBC-8E1D-131064D0DED7}.Release|Any CPU.ActiveCfg = Release|Any CPU
		{A466B765-8B22-4FBC-8E1D-131064D0DED7}.Release|Any CPU.Build.0 = Release|Any CPU
	EndGlobalSection
	GlobalSection(SolutionProperties) = preSolution
		HideSolutionNode = FALSE
	EndGlobalSection
	GlobalSection(ExtensibilityGlobals) = postSolution
		SolutionGuid = {1AEAE940-7F4E-4A69-9412-BB672DA14C97}
	EndGlobalSection
EndGlobal
