
Microsoft Visual Studio Solution File, Format Version 12.00
# Visual Studio Version 17
VisualStudioVersion = 17.7.34221.43
MinimumVisualStudioVersion = 10.0.40219.1
Project("{FAE04EC0-301F-11D3-BF4B-00C04F79EFBC}") = "TodoApp", "TodoList\TodoApp.csproj", "{FECA8294-05F9-4A0A-817C-E69C75C327CB}"
EndProject
Global
	GlobalSection(SolutionConfigurationPlatforms) = preSolution
		Debug|Any CPU = Debug|Any CPU
		Release|Any CPU = Release|Any CPU
	EndGlobalSection
	GlobalSection(ProjectConfigurationPlatforms) = postSolution
		{FECA8294-05F9-4A0A-817C-E69C75C327CB}.Debug|Any CPU.ActiveCfg = Debug|Any CPU
		{FECA8294-05F9-4A0A-817C-E69C75C327CB}.Debug|Any CPU.Build.0 = Debug|Any CPU
		{FECA8294-05F9-4A0A-817C-E69C75C327CB}.Release|Any CPU.ActiveCfg = Release|Any CPU
		{FECA8294-05F9-4A0A-817C-E69C75C327CB}.Release|Any CPU.Build.0 = Release|Any CPU
	EndGlobalSection
	GlobalSection(SolutionProperties) = preSolution
		HideSolutionNode = FALSE
	EndGlobalSection
	GlobalSection(ExtensibilityGlobals) = postSolution
		SolutionGuid = {070F6AD3-246D-4334-89A8-D5F12D145BC2}
	EndGlobalSection
EndGlobal
